
Microsoft Visual Studio Solution File, Format Version 12.00
# Visual Studio 15
VisualStudioVersion = 15.0.27428.2015
MinimumVisualStudioVersion = 10.0.40219.1
Project("{2150E333-8FDC-42A3-9474-1A3956D46DE8}") = "Services", "Services", "{853F75AD-6330-42E3-BCDC-F136B9411E43}"
EndProject
Project("{9A19103F-16F7-4668-BE54-9A1E7A4F7556}") = "InvoicingService", "Services\InvoicingService\InvoicingService.csproj", "{0CF1EF33-9DAE-44DE-A7C1-64A6712EEA5E}"
EndProject
Project("{9A19103F-16F7-4668-BE54-9A1E7A4F7556}") = "OutpatientService", "Services\OutpatientService\OutpatientService.csproj", "{BB4007E8-7E2A-479E-A143-04C0FF02D092}"
EndProject
Project("{9A19103F-16F7-4668-BE54-9A1E7A4F7556}") = "InpatientService", "Services\InpatientService\InpatientService.csproj", "{9C96F3FE-74AE-40AF-BE0C-AC0F84C34F79}"
EndProject
Project("{9A19103F-16F7-4668-BE54-9A1E7A4F7556}") = "SettlementService", "Services\SettlementService\SettlementService.csproj", "{A86E3492-B5AB-403F-ADC3-3BDC7B8DE7EE}"
EndProject
Project("{9A19103F-16F7-4668-BE54-9A1E7A4F7556}") = "BasicsService", "Services\BasicsService\BasicsService.csproj", "{CC24711C-F1CD-4D26-9C14-857CE86F3B21}"
EndProject
Project("{9A19103F-16F7-4668-BE54-9A1E7A4F7556}") = "AuthenticationService", "Services\AuthenticationService\AuthenticationService.csproj", "{1E829B2D-1669-4F7E-A915-808EFEC6E0AD}"
EndProject
Project("{2150E333-8FDC-42A3-9474-1A3956D46DE8}") = "Doc", "Doc", "{C1848419-7D49-4877-A915-409EFECD2128}"
	ProjectSection(SolutionItems) = preProject
		Doc\HisMicroserviceSample开发文档.docx = Doc\HisMicroserviceSample开发文档.docx
		Doc\基于.net core微服务.pptx = Doc\基于.net core微服务.pptx
	EndProjectSection
EndProject
Project("{2150E333-8FDC-42A3-9474-1A3956D46DE8}") = "Tools", "Tools", "{276734A6-9ED7-4B6E-91E3-7E40ACBD6A67}"
EndProject
Project("{2150E333-8FDC-42A3-9474-1A3956D46DE8}") = "Consul", "Consul", "{0A3F67CB-72AE-4E7B-9121-B079391038CD}"
	ProjectSection(SolutionItems) = preProject
		Tools\Consul\consul.exe = Tools\Consul\consul.exe
	EndProjectSection
EndProject
Project("{2150E333-8FDC-42A3-9474-1A3956D46DE8}") = "DependProject", "DependProject", "{D9E46A87-31DF-4851-ABE0-C70DA4D05AE0}"
EndProject
Project("{9A19103F-16F7-4668-BE54-9A1E7A4F7556}") = "JWTAuthorizePolicy", "DependProject\JWTAuthorizePolicy\JWTAuthorizePolicy.csproj", "{67C5B4FC-F1ED-447E-823F-87F6FCD68C91}"
EndProject
Project("{9A19103F-16F7-4668-BE54-9A1E7A4F7556}") = "OcelotGatewayService", "Services\OcelotGatewayService\OcelotGatewayService.csproj", "{3C1D99CF-F643-487D-BC23-6F0186636A10}"
EndProject
Project("{2150E333-8FDC-42A3-9474-1A3956D46DE8}") = "Client", "Client", "{608BCCD5-3B67-43F2-B398-993E93E8C064}"
EndProject
Project("{9A19103F-16F7-4668-BE54-9A1E7A4F7556}") = "ConsoleClient", "Client\ConsoleClient\ConsoleClient.csproj", "{815CA831-DCD9-4058-A473-4531F651F6B6}"
EndProject
Project("{2150E333-8FDC-42A3-9474-1A3956D46DE8}") = "Metrics", "Metrics", "{60F77F7F-9FC9-4826-9198-F545882EC83B}"
EndProject
Project("{FAE04EC0-301F-11D3-BF4B-00C04F79EFBC}") = "BackGroundService", "Services\BackGroundService\BackGroundService.csproj", "{A1A3C8B7-F455-4668-95B5-76015AA59920}"
EndProject
Global
	GlobalSection(SolutionConfigurationPlatforms) = preSolution
		Debug|Any CPU = Debug|Any CPU
		Release|Any CPU = Release|Any CPU
	EndGlobalSection
	GlobalSection(ProjectConfigurationPlatforms) = postSolution
		{0CF1EF33-9DAE-44DE-A7C1-64A6712EEA5E}.Debug|Any CPU.ActiveCfg = Debug|Any CPU
		{0CF1EF33-9DAE-44DE-A7C1-64A6712EEA5E}.Debug|Any CPU.Build.0 = Debug|Any CPU
		{0CF1EF33-9DAE-44DE-A7C1-64A6712EEA5E}.Release|Any CPU.ActiveCfg = Release|Any CPU
		{0CF1EF33-9DAE-44DE-A7C1-64A6712EEA5E}.Release|Any CPU.Build.0 = Release|Any CPU
		{BB4007E8-7E2A-479E-A143-04C0FF02D092}.Debug|Any CPU.ActiveCfg = Debug|Any CPU
		{BB4007E8-7E2A-479E-A143-04C0FF02D092}.Debug|Any CPU.Build.0 = Debug|Any CPU
		{BB4007E8-7E2A-479E-A143-04C0FF02D092}.Release|Any CPU.ActiveCfg = Release|Any CPU
		{BB4007E8-7E2A-479E-A143-04C0FF02D092}.Release|Any CPU.Build.0 = Release|Any CPU
		{9C96F3FE-74AE-40AF-BE0C-AC0F84C34F79}.Debug|Any CPU.ActiveCfg = Debug|Any CPU
		{9C96F3FE-74AE-40AF-BE0C-AC0F84C34F79}.Debug|Any CPU.Build.0 = Debug|Any CPU
		{9C96F3FE-74AE-40AF-BE0C-AC0F84C34F79}.Release|Any CPU.ActiveCfg = Release|Any CPU
		{9C96F3FE-74AE-40AF-BE0C-AC0F84C34F79}.Release|Any CPU.Build.0 = Release|Any CPU
		{A86E3492-B5AB-403F-ADC3-3BDC7B8DE7EE}.Debug|Any CPU.ActiveCfg = Debug|Any CPU
		{A86E3492-B5AB-403F-ADC3-3BDC7B8DE7EE}.Debug|Any CPU.Build.0 = Debug|Any CPU
		{A86E3492-B5AB-403F-ADC3-3BDC7B8DE7EE}.Release|Any CPU.ActiveCfg = Release|Any CPU
		{A86E3492-B5AB-403F-ADC3-3BDC7B8DE7EE}.Release|Any CPU.Build.0 = Release|Any CPU
		{CC24711C-F1CD-4D26-9C14-857CE86F3B21}.Debug|Any CPU.ActiveCfg = Debug|Any CPU
		{CC24711C-F1CD-4D26-9C14-857CE86F3B21}.Debug|Any CPU.Build.0 = Debug|Any CPU
		{CC24711C-F1CD-4D26-9C14-857CE86F3B21}.Release|Any CPU.ActiveCfg = Release|Any CPU
		{CC24711C-F1CD-4D26-9C14-857CE86F3B21}.Release|Any CPU.Build.0 = Release|Any CPU
		{1E829B2D-1669-4F7E-A915-808EFEC6E0AD}.Debug|Any CPU.ActiveCfg = Debug|Any CPU
		{1E829B2D-1669-4F7E-A915-808EFEC6E0AD}.Debug|Any CPU.Build.0 = Debug|Any CPU
		{1E829B2D-1669-4F7E-A915-808EFEC6E0AD}.Release|Any CPU.ActiveCfg = Release|Any CPU
		{1E829B2D-1669-4F7E-A915-808EFEC6E0AD}.Release|Any CPU.Build.0 = Release|Any CPU
		{67C5B4FC-F1ED-447E-823F-87F6FCD68C91}.Debug|Any CPU.ActiveCfg = Debug|Any CPU
		{67C5B4FC-F1ED-447E-823F-87F6FCD68C91}.Debug|Any CPU.Build.0 = Debug|Any CPU
		{67C5B4FC-F1ED-447E-823F-87F6FCD68C91}.Release|Any CPU.ActiveCfg = Release|Any CPU
		{67C5B4FC-F1ED-447E-823F-87F6FCD68C91}.Release|Any CPU.Build.0 = Release|Any CPU
		{3C1D99CF-F643-487D-BC23-6F0186636A10}.Debug|Any CPU.ActiveCfg = Debug|Any CPU
		{3C1D99CF-F643-487D-BC23-6F0186636A10}.Debug|Any CPU.Build.0 = Debug|Any CPU
		{3C1D99CF-F643-487D-BC23-6F0186636A10}.Release|Any CPU.ActiveCfg = Release|Any CPU
		{3C1D99CF-F643-487D-BC23-6F0186636A10}.Release|Any CPU.Build.0 = Release|Any CPU
		{815CA831-DCD9-4058-A473-4531F651F6B6}.Debug|Any CPU.ActiveCfg = Debug|Any CPU
		{815CA831-DCD9-4058-A473-4531F651F6B6}.Debug|Any CPU.Build.0 = Debug|Any CPU
		{815CA831-DCD9-4058-A473-4531F651F6B6}.Release|Any CPU.ActiveCfg = Release|Any CPU
		{815CA831-DCD9-4058-A473-4531F651F6B6}.Release|Any CPU.Build.0 = Release|Any CPU
		{A1A3C8B7-F455-4668-95B5-76015AA59920}.Debug|Any CPU.ActiveCfg = Debug|Any CPU
		{A1A3C8B7-F455-4668-95B5-76015AA59920}.Debug|Any CPU.Build.0 = Debug|Any CPU
		{A1A3C8B7-F455-4668-95B5-76015AA59920}.Release|Any CPU.ActiveCfg = Release|Any CPU
		{A1A3C8B7-F455-4668-95B5-76015AA59920}.Release|Any CPU.Build.0 = Release|Any CPU
	EndGlobalSection
	GlobalSection(SolutionProperties) = preSolution
		HideSolutionNode = FALSE
	EndGlobalSection
	GlobalSection(NestedProjects) = preSolution
		{0CF1EF33-9DAE-44DE-A7C1-64A6712EEA5E} = {853F75AD-6330-42E3-BCDC-F136B9411E43}
		{BB4007E8-7E2A-479E-A143-04C0FF02D092} = {853F75AD-6330-42E3-BCDC-F136B9411E43}
		{9C96F3FE-74AE-40AF-BE0C-AC0F84C34F79} = {853F75AD-6330-42E3-BCDC-F136B9411E43}
		{A86E3492-B5AB-403F-ADC3-3BDC7B8DE7EE} = {853F75AD-6330-42E3-BCDC-F136B9411E43}
		{CC24711C-F1CD-4D26-9C14-857CE86F3B21} = {853F75AD-6330-42E3-BCDC-F136B9411E43}
		{1E829B2D-1669-4F7E-A915-808EFEC6E0AD} = {853F75AD-6330-42E3-BCDC-F136B9411E43}
		{0A3F67CB-72AE-4E7B-9121-B079391038CD} = {276734A6-9ED7-4B6E-91E3-7E40ACBD6A67}
		{67C5B4FC-F1ED-447E-823F-87F6FCD68C91} = {D9E46A87-31DF-4851-ABE0-C70DA4D05AE0}
		{3C1D99CF-F643-487D-BC23-6F0186636A10} = {853F75AD-6330-42E3-BCDC-F136B9411E43}
		{815CA831-DCD9-4058-A473-4531F651F6B6} = {608BCCD5-3B67-43F2-B398-993E93E8C064}
		{60F77F7F-9FC9-4826-9198-F545882EC83B} = {276734A6-9ED7-4B6E-91E3-7E40ACBD6A67}
		{A1A3C8B7-F455-4668-95B5-76015AA59920} = {853F75AD-6330-42E3-BCDC-F136B9411E43}
	EndGlobalSection
	GlobalSection(ExtensibilityGlobals) = postSolution
		SolutionGuid = {B2B23511-09CA-41B0-B1C2-F4550C9507DE}
	EndGlobalSection
EndGlobal
