
Microsoft Visual Studio Solution File, Format Version 12.00
# Visual Studio 15
VisualStudioVersion = 15.0.27428.2015
MinimumVisualStudioVersion = 10.0.40219.1
Project("{2150E333-8FDC-42A3-9474-1A3956D46DE8}") = "Services", "Services", "{853F75AD-6330-42E3-BCDC-F136B9411E43}"
EndProject
Project("{FAE04EC0-301F-11D3-BF4B-00C04F79EFBC}") = "PharmacyServices", "Services\PharmacyServices\PharmacyServices.csproj", "{A2D43CD4-93BB-43A6-A4BA-6D1B5CFB9302}"
EndProject
Global
	GlobalSection(SolutionConfigurationPlatforms) = preSolution
		Debug|Any CPU = Debug|Any CPU
		Release|Any CPU = Release|Any CPU
	EndGlobalSection
	GlobalSection(ProjectConfigurationPlatforms) = postSolution
		{A2D43CD4-93BB-43A6-A4BA-6D1B5CFB9302}.Debug|Any CPU.ActiveCfg = Debug|Any CPU
		{A2D43CD4-93BB-43A6-A4BA-6D1B5CFB9302}.Debug|Any CPU.Build.0 = Debug|Any CPU
		{A2D43CD4-93BB-43A6-A4BA-6D1B5CFB9302}.Release|Any CPU.ActiveCfg = Release|Any CPU
		{A2D43CD4-93BB-43A6-A4BA-6D1B5CFB9302}.Release|Any CPU.Build.0 = Release|Any CPU
	EndGlobalSection
	GlobalSection(SolutionProperties) = preSolution
		HideSolutionNode = FALSE
	EndGlobalSection
	GlobalSection(NestedProjects) = preSolution
		{A2D43CD4-93BB-43A6-A4BA-6D1B5CFB9302} = {853F75AD-6330-42E3-BCDC-F136B9411E43}
	EndGlobalSection
	GlobalSection(ExtensibilityGlobals) = postSolution
		SolutionGuid = {B2B23511-09CA-41B0-B1C2-F4550C9507DE}
	EndGlobalSection
EndGlobal
